
Microsoft Visual Studio Solution File, Format Version 12.00
# Visual Studio Version 17
VisualStudioVersion = 17.5.33424.131
MinimumVisualStudioVersion = 10.0.40219.1
Project("{8BC9CEB8-8B4A-11D0-8D11-00A0C91BC942}") = "PcapJsonParser", "PcapJsonParser.vcxproj", "{6DF798D4-47DF-4BA2-94D6-D7FBDD5779D1}"
EndProject
Global
	GlobalSection(SolutionConfigurationPlatforms) = preSolution
		Debug|x64 = Debug|x64
		Debug|x86 = Debug|x86
		Release|x64 = Release|x64
		Release|x86 = Release|x86
	EndGlobalSection
	GlobalSection(ProjectConfigurationPlatforms) = postSolution
		{6DF798D4-47DF-4BA2-94D6-D7FBDD5779D1}.Debug|x64.ActiveCfg = Debug|x64
		{6DF798D4-47DF-4BA2-94D6-D7FBDD5779D1}.Debug|x64.Build.0 = Debug|x64
		{6DF798D4-47DF-4BA2-94D6-D7FBDD5779D1}.Debug|x86.ActiveCfg = Debug|Win32
		{6DF798D4-47DF-4BA2-94D6-D7FBDD5779D1}.Debug|x86.Build.0 = Debug|Win32
		{6DF798D4-47DF-4BA2-94D6-D7FBDD5779D1}.Release|x64.ActiveCfg = Release|x64
		{6DF798D4-47DF-4BA2-94D6-D7FBDD5779D1}.Release|x64.Build.0 = Release|x64
		{6DF798D4-47DF-4BA2-94D6-D7FBDD5779D1}.Release|x86.ActiveCfg = Release|Win32
		{6DF798D4-47DF-4BA2-94D6-D7FBDD5779D1}.Release|x86.Build.0 = Release|Win32
	EndGlobalSection
	GlobalSection(SolutionProperties) = preSolution
		HideSolutionNode = FALSE
	EndGlobalSection
	GlobalSection(ExtensibilityGlobals) = postSolution
		SolutionGuid = {D7EEF4A4-4FB5-4CF3-8D37-6D104422D9B9}
	EndGlobalSection
EndGlobal
